{
  "name": "honobas",
  "version": "0.1.0",
  "lockfileVersion": 3,
  "requires": true,
  "packages": {
    "": {
      "name": "honobas",
      "version": "0.1.0",
      "dependencies": {
        "timeme": "^1.0.0"
      }
    },
    "node_modules/timeme": {
      "version": "1.0.0",
      "resolved": "https://registry.npmjs.org/timeme/-/timeme-1.0.0.tgz",
      "integrity": "sha512-46iz2aTKvTMtx6v1C0/CjKgufNWxHoQPc86OmOvlDaTcHdhCaCDXTsAwMxjNH6qvMqGMZZjP9YNV8fcGWgdOwg=="
    }
  }
}
